
Microsoft Visual Studio Solution File, Format Version 12.00
# Visual Studio Version 17
VisualStudioVersion = 17.1.32421.90
MinimumVisualStudioVersion = 10.0.40219.1
Project("{FAE04EC0-301F-11D3-BF4B-00C04F79EFBC}") = "FastTest", "FastTest\FastTest.csproj", "{460D8B67-1090-4BE3-B221-9E6803740738}"
EndProject
Global
	GlobalSection(SolutionConfigurationPlatforms) = preSolution
		Debug|Any CPU = Debug|Any CPU
		Release|Any CPU = Release|Any CPU
	EndGlobalSection
	GlobalSection(ProjectConfigurationPlatforms) = postSolution
		{460D8B67-1090-4BE3-B221-9E6803740738}.Debug|Any CPU.ActiveCfg = Debug|Any CPU
		{460D8B67-1090-4BE3-B221-9E6803740738}.Debug|Any CPU.Build.0 = Debug|Any CPU
		{460D8B67-1090-4BE3-B221-9E6803740738}.Release|Any CPU.ActiveCfg = Release|Any CPU
		{460D8B67-1090-4BE3-B221-9E6803740738}.Release|Any CPU.Build.0 = Release|Any CPU
	EndGlobalSection
	GlobalSection(SolutionProperties) = preSolution
		HideSolutionNode = FALSE
	EndGlobalSection
	GlobalSection(ExtensibilityGlobals) = postSolution
		SolutionGuid = {83EB8443-25C9-4A4F-83F4-81D1D5903D49}
	EndGlobalSection
EndGlobal
